
Microsoft Visual Studio Solution File, Format Version 12.00
# Visual Studio Version 16
VisualStudioVersion = 16.0.33529.622
MinimumVisualStudioVersion = 10.0.40219.1
Project("{FAE04EC0-301F-11D3-BF4B-00C04F79EFBC}") = "shop1", "shop1.csproj", "{EB7CB7B8-FF20-4A5E-8226-20E3036DFEAF}"
EndProject
Global
	GlobalSection(SolutionConfigurationPlatforms) = preSolution
		Debug|Any CPU = Debug|Any CPU
		Release|Any CPU = Release|Any CPU
	EndGlobalSection
	GlobalSection(ProjectConfigurationPlatforms) = postSolution
		{EB7CB7B8-FF20-4A5E-8226-20E3036DFEAF}.Debug|Any CPU.ActiveCfg = Debug|Any CPU
		{EB7CB7B8-FF20-4A5E-8226-20E3036DFEAF}.Debug|Any CPU.Build.0 = Debug|Any CPU
		{EB7CB7B8-FF20-4A5E-8226-20E3036DFEAF}.Release|Any CPU.ActiveCfg = Release|Any CPU
		{EB7CB7B8-FF20-4A5E-8226-20E3036DFEAF}.Release|Any CPU.Build.0 = Release|Any CPU
	EndGlobalSection
	GlobalSection(SolutionProperties) = preSolution
		HideSolutionNode = FALSE
	EndGlobalSection
	GlobalSection(ExtensibilityGlobals) = postSolution
		SolutionGuid = {CB3CBB31-448D-4241-BB38-83C5214B04FF}
	EndGlobalSection
EndGlobal
